// !$*UTF8*$!
{
	archiveVersion = 1;
	classes = {
	};
	objectVersion = 50;
	objects = {

/* Begin PBXBuildFile section */
		E0872EF222C1C7A8005D232A /* canakkale.jpg in Resources */ = {isa = PBXBuildFile; fileRef = E0872EF122C1C7A8005D232A /* canakkale.jpg */; };
		E0872EF422C1CBFF005D232A /* ImageViewController.swift in Sources */ = {isa = PBXBuildFile; fileRef = E0872EF322C1CBFF005D232A /* ImageViewController.swift */; };
		E0FB000722C1301D00291DB4 /* istanbul.jpg in Resources */ = {isa = PBXBuildFile; fileRef = E0FB000322C1301D00291DB4 /* istanbul.jpg */; };
		E0FB000822C1301D00291DB4 /* izmir.jpg in Resources */ = {isa = PBXBuildFile; fileRef = E0FB000422C1301D00291DB4 /* izmir.jpg */; };
		E0FB000922C1301D00291DB4 /* antalya.jpg in Resources */ = {isa = PBXBuildFile; fileRef = E0FB000522C1301D00291DB4 /* antalya.jpg */; };
		E0FB000C22C1336D00291DB4 /* eskisehir.jpg in Resources */ = {isa = PBXBuildFile; fileRef = E0FB000B22C1336D00291DB4 /* eskisehir.jpg */; };
		E0FBFFF122C12E1600291DB4 /* AppDelegate.swift in Sources */ = {isa = PBXBuildFile; fileRef = E0FBFFF022C12E1600291DB4 /* AppDelegate.swift */; };
		E0FBFFF322C12E1600291DB4 /* ViewController.swift in Sources */ = {isa = PBXBuildFile; fileRef = E0FBFFF222C12E1600291DB4 /* ViewController.swift */; };
		E0FBFFF622C12E1600291DB4 /* Main.storyboard in Resources */ = {isa = PBXBuildFile; fileRef = E0FBFFF422C12E1600291DB4 /* Main.storyboard */; };
		E0FBFFF822C12E1700291DB4 /* Assets.xcassets in Resources */ = {isa = PBXBuildFile; fileRef = E0FBFFF722C12E1700291DB4 /* Assets.xcassets */; };
		E0FBFFFB22C12E1700291DB4 /* LaunchScreen.storyboard in Resources */ = {isa = PBXBuildFile; fileRef = E0FBFFF922C12E1700291DB4 /* LaunchScreen.storyboard */; };
/* End PBXBuildFile section */

/* Begin PBXFileReference section */
		E0872EF122C1C7A8005D232A /* canakkale.jpg */ = {isa = PBXFileReference; lastKnownFileType = image.jpeg; path = canakkale.jpg; sourceTree = "<group>"; };
		E0872EF322C1CBFF005D232A /* ImageViewController.swift */ = {isa = PBXFileReference; lastKnownFileType = sourcecode.swift; path = ImageViewController.swift; sourceTree = "<group>"; };
		E0FB000322C1301D00291DB4 /* istanbul.jpg */ = {isa = PBXFileReference; lastKnownFileType = image.jpeg; path = istanbul.jpg; sourceTree = "<group>"; };
		E0FB000422C1301D00291DB4 /* izmir.jpg */ = {isa = PBXFileReference; lastKnownFileType = image.jpeg; path = izmir.jpg; sourceTree = "<group>"; };
		E0FB000522C1301D00291DB4 /* antalya.jpg */ = {isa = PBXFileReference; lastKnownFileType = image.jpeg; path = antalya.jpg; sourceTree = "<group>"; };
		E0FB000B22C1336D00291DB4 /* eskisehir.jpg */ = {isa = PBXFileReference; lastKnownFileType = image.jpeg; name = eskisehir.jpg; path = "../../../../Landmark Book Images/eskisehir.jpg"; sourceTree = "<group>"; };
		E0FBFFED22C12E1600291DB4 /* Landmark Book.app */ = {isa = PBXFileReference; explicitFileType = wrapper.application; includeInIndex = 0; path = "Landmark Book.app"; sourceTree = BUILT_PRODUCTS_DIR; };
		E0FBFFF022C12E1600291DB4 /* AppDelegate.swift */ = {isa = PBXFileReference; lastKnownFileType = sourcecode.swift; path = AppDelegate.swift; sourceTree = "<group>"; };
		E0FBFFF222C12E1600291DB4 /* ViewController.swift */ = {isa = PBXFileReference; lastKnownFileType = sourcecode.swift; path = ViewController.swift; sourceTree = "<group>"; };
		E0FBFFF522C12E1600291DB4 /* Base */ = {isa = PBXFileReference; lastKnownFileType = file.storyboard; name = Base; path = Base.lproj/Main.storyboard; sourceTree = "<group>"; };
		E0FBFFF722C12E1700291DB4 /* Assets.xcassets */ = {isa = PBXFileReference; lastKnownFileType = folder.assetcatalog; path = Assets.xcassets; sourceTree = "<group>"; };
		E0FBFFFA22C12E1700291DB4 /* Base */ = {isa = PBXFileReference; lastKnownFileType = file.storyboard; name = Base; path = Base.lproj/LaunchScreen.storyboard; sourceTree = "<group>"; };
		E0FBFFFC22C12E1700291DB4 /* Info.plist */ = {isa = PBXFileReference; lastKnownFileType = text.plist.xml; path = Info.plist; sourceTree = "<group>"; };
/* End PBXFileReference section */

/* Begin PBXFrameworksBuildPhase section */
		E0FBFFEA22C12E1600291DB4 /* Frameworks */ = {
			isa = PBXFrameworksBuildPhase;
			buildActionMask = 2147483647;
			files = (
			);
			runOnlyForDeploymentPostprocessing = 0;
		};
/* End PBXFrameworksBuildPhase section */

/* Begin PBXGroup section */
		E0FB000A22C1302700291DB4 /* images */ = {
			isa = PBXGroup;
			children = (
				E0FB000B22C1336D00291DB4 /* eskisehir.jpg */,
				E0FB000522C1301D00291DB4 /* antalya.jpg */,
				E0872EF122C1C7A8005D232A /* canakkale.jpg */,
				E0FB000322C1301D00291DB4 /* istanbul.jpg */,
				E0FB000422C1301D00291DB4 /* izmir.jpg */,
			);
			path = images;
			sourceTree = "<group>";
		};
		E0FBFFE422C12E1600291DB4 = {
			isa = PBXGroup;
			children = (
				E0FBFFEF22C12E1600291DB4 /* Landmark Book */,
				E0FBFFEE22C12E1600291DB4 /* Products */,
			);
			sourceTree = "<group>";
		};
		E0FBFFEE22C12E1600291DB4 /* Products */ = {
			isa = PBXGroup;
			children = (
				E0FBFFED22C12E1600291DB4 /* Landmark Book.app */,
			);
			name = Products;
			sourceTree = "<group>";
		};
		E0FBFFEF22C12E1600291DB4 /* Landmark Book */ = {
			isa = PBXGroup;
			children = (
				E0FB000A22C1302700291DB4 /* images */,
				E0FBFFF022C12E1600291DB4 /* AppDelegate.swift */,
				E0FBFFF222C12E1600291DB4 /* ViewController.swift */,
				E0872EF322C1CBFF005D232A /* ImageViewController.swift */,
				E0FBFFF422C12E1600291DB4 /* Main.storyboard */,
				E0FBFFF722C12E1700291DB4 /* Assets.xcassets */,
				E0FBFFF922C12E1700291DB4 /* LaunchScreen.storyboard */,
				E0FBFFFC22C12E1700291DB4 /* Info.plist */,
			);
			path = "Landmark Book";
			sourceTree = "<group>";
		};
/* End PBXGroup section */

/* Begin PBXNativeTarget section */
		E0FBFFEC22C12E1600291DB4 /* Landmark Book */ = {
			isa = PBXNativeTarget;
			buildConfigurationList = E0FBFFFF22C12E1700291DB4 /* Build configuration list for PBXNativeTarget "Landmark Book" */;
			buildPhases = (
				E0FBFFE922C12E1600291DB4 /* Sources */,
				E0FBFFEA22C12E1600291DB4 /* Frameworks */,
				E0FBFFEB22C12E1600291DB4 /* Resources */,
			);
			buildRules = (
			);
			dependencies = (
			);
			name = "Landmark Book";
			productName = "Landmark Book";
			productReference = E0FBFFED22C12E1600291DB4 /* Landmark Book.app */;
			productType = "com.apple.product-type.application";
		};
/* End PBXNativeTarget section */

/* Begin PBXProject section */
		E0FBFFE522C12E1600291DB4 /* Project object */ = {
			isa = PBXProject;
			attributes = {
				LastSwiftUpdateCheck = 1020;
				LastUpgradeCheck = 1020;
				ORGANIZATIONNAME = "Izzet Kara";
				TargetAttributes = {
					E0FBFFEC22C12E1600291DB4 = {
						CreatedOnToolsVersion = 10.2.1;
					};
				};
			};
			buildConfigurationList = E0FBFFE822C12E1600291DB4 /* Build configuration list for PBXProject "Landmark Book" */;
			compatibilityVersion = "Xcode 9.3";
			developmentRegion = en;
			hasScannedForEncodings = 0;
			knownRegions = (
				en,
				Base,
			);
			mainGroup = E0FBFFE422C12E1600291DB4;
			productRefGroup = E0FBFFEE22C12E1600291DB4 /* Products */;
			projectDirPath = "";
			projectRoot = "";
			targets = (
				E0FBFFEC22C12E1600291DB4 /* Landmark Book */,
			);
		};
/* End PBXProject section */

/* Begin PBXResourcesBuildPhase section */
		E0FBFFEB22C12E1600291DB4 /* Resources */ = {
			isa = PBXResourcesBuildPhase;
			buildActionMask = 2147483647;
			files = (
				E0FBFFFB22C12E1700291DB4 /* LaunchScreen.storyboard in Resources */,
				E0FB000C22C1336D00291DB4 /* eskisehir.jpg in Resources */,
				E0FBFFF822C12E1700291DB4 /* Assets.xcassets in Resources */,
				E0FB000722C1301D00291DB4 /* istanbul.jpg in Resources */,
				E0FB000922C1301D00291DB4 /* antalya.jpg in Resources */,
				E0FBFFF622C12E1600291DB4 /* Main.storyboard in Resources */,
				E0FB000822C1301D00291DB4 /* izmir.jpg in Resources */,
				E0872EF222C1C7A8005D232A /* canakkale.jpg in Resources */,
			);
			runOnlyForDeploymentPostprocessing = 0;
		};
/* End PBXResourcesBuildPhase section */

/* Begin PBXSourcesBuildPhase section */
		E0FBFFE922C12E1600291DB4 /* Sources */ = {
			isa = PBXSourcesBuildPhase;
			buildActionMask = 2147483647;
			files = (
				E0FBFFF322C12E1600291DB4 /* ViewController.swift in Sources */,
				E0872EF422C1CBFF005D232A /* ImageViewController.swift in Sources */,
				E0FBFFF122C12E1600291DB4 /* AppDelegate.swift in Sources */,
			);
			runOnlyForDeploymentPostprocessing = 0;
		};
/* End PBXSourcesBuildPhase section */

/* Begin PBXVariantGroup section */
		E0FBFFF422C12E1600291DB4 /* Main.storyboard */ = {
			isa = PBXVariantGroup;
			children = (
				E0FBFFF522C12E1600291DB4 /* Base */,
			);
			name = Main.storyboard;
			sourceTree = "<group>";
		};
		E0FBFFF922C12E1700291DB4 /* LaunchScreen.storyboard */ = {
			isa = PBXVariantGroup;
			children = (
				E0FBFFFA22C12E1700291DB4 /* Base */,
			);
			name = LaunchScreen.storyboard;
			sourceTree = "<group>";
		};
/* End PBXVariantGroup section */

/* Begin XCBuildConfiguration section */
		E0FB000022C12E1700291DB4 /* Debug */ = {
			isa = XCBuildConfiguration;
			buildSettings = {
				ASSETCATALOG_COMPILER_APPICON_NAME = AppIcon;
				CODE_SIGN_STYLE = Automatic;
				DEVELOPMENT_TEAM = R64D6JX44C;
				INFOPLIST_FILE = "Landmark Book/Info.plist";
				LD_RUNPATH_SEARCH_PATHS = (
					"$(inherited)",
					"@executable_path/Frameworks",
				);
				PRODUCT_BUNDLE_IDENTIFIER = "com.zetworks.Landmark-Book";
				PRODUCT_NAME = "$(TARGET_NAME)";
				SWIFT_VERSION = 5.0;
				TARGETED_DEVICE_FAMILY = "1,2";
			};
			name = Debug;
		};
		E0FB000122C12E1700291DB4 /* Release */ = {
			isa = XCBuildConfiguration;
			buildSettings = {
				ASSETCATALOG_COMPILER_APPICON_NAME = AppIcon;
				CODE_SIGN_STYLE = Automatic;
				DEVELOPMENT_TEAM = R64D6JX44C;
				INFOPLIST_FILE = "Landmark Book/Info.plist";
				LD_RUNPATH_SEARCH_PATHS = (
					"$(inherited)",
					"@executable_path/Frameworks",
				);
				PRODUCT_BUNDLE_IDENTIFIER = "com.zetworks.Landmark-Book";
				PRODUCT_NAME = "$(TARGET_NAME)";
				SWIFT_VERSION = 5.0;
				TARGETED_DEVICE_FAMILY = "1,2";
			};
			name = Release;
		};
		E0FBFFFD22C12E1700291DB4 /* Debug */ = {
			isa = XCBuildConfiguration;
			buildSettings = {
				ALWAYS_SEARCH_USER_PATHS = NO;
				CLANG_ANALYZER_NONNULL = YES;
				CLANG_ANALYZER_NUMBER_OBJECT_CONVERSION = YES_AGGRESSIVE;
				CLANG_CXX_LANGUAGE_STANDARD = "gnu++14";
				CLANG_CXX_LIBRARY = "libc++";
				CLANG_ENABLE_MODULES = YES;
				CLANG_ENABLE_OBJC_ARC = YES;
				CLANG_ENABLE_OBJC_WEAK = YES;
				CLANG_WARN_BLOCK_CAPTURE_AUTORELEASING = YES;
				CLANG_WARN_BOOL_CONVERSION = YES;
				CLANG_WARN_COMMA = YES;
				CLANG_WARN_CONSTANT_CONVERSION = YES;
				CLANG_WARN_DEPRECATED_OBJC_IMPLEMENTATIONS = YES;
				CLANG_WARN_DIRECT_OBJC_ISA_USAGE = YES_ERROR;
				CLANG_WARN_DOCUMENTATION_COMMENTS = YES;
				CLANG_WARN_EMPTY_BODY = YES;
				CLANG_WARN_ENUM_CONVERSION = YES;
				CLANG_WARN_INFINITE_RECURSION = YES;
				CLANG_WARN_INT_CONVERSION = YES;
				CLANG_WARN_NON_LITERAL_NULL_CONVERSION = YES;
				CLANG_WARN_OBJC_IMPLICIT_RETAIN_SELF = YES;
				CLANG_WARN_OBJC_LITERAL_CONVERSION = YES;
				CLANG_WARN_OBJC_ROOT_CLASS = YES_ERROR;
				CLANG_WARN_RANGE_LOOP_ANALYSIS = YES;
				CLANG_WARN_STRICT_PROTOTYPES = YES;
				CLANG_WARN_SUSPICIOUS_MOVE = YES;
				CLANG_WARN_UNGUARDED_AVAILABILITY = YES_AGGRESSIVE;
				CLANG_WARN_UNREACHABLE_CODE = YES;
				CLANG_WARN__DUPLICATE_METHOD_MATCH = YES;
				CODE_SIGN_IDENTITY = "iPhone Developer";
				COPY_PHASE_STRIP = NO;
				DEBUG_INFORMATION_FORMAT = dwarf;
				ENABLE_STRICT_OBJC_MSGSEND = YES;
				ENABLE_TESTABILITY = YES;
				GCC_C_LANGUAGE_STANDARD = gnu11;
				GCC_DYNAMIC_NO_PIC = NO;
				GCC_NO_COMMON_BLOCKS = YES;
				GCC_OPTIMIZATION_LEVEL = 0;
				GCC_PREPROCESSOR_DEFINITIONS = (
					"DEBUG=1",
					"$(inherited)",
				);
				GCC_WARN_64_TO_32_BIT_CONVERSION = YES;
				GCC_WARN_ABOUT_RETURN_TYPE = YES_ERROR;
				GCC_WARN_UNDECLARED_SELECTOR = YES;
				GCC_WARN_UNINITIALIZED_AUTOS = YES_AGGRESSIVE;
				GCC_WARN_UNUSED_FUNCTION = YES;
				GCC_WARN_UNUSED_VARIABLE = YES;
				IPHONEOS_DEPLOYMENT_TARGET = 12.2;
				MTL_ENABLE_DEBUG_INFO = INCLUDE_SOURCE;
				MTL_FAST_MATH = YES;
				ONLY_ACTIVE_ARCH = YES;
				SDKROOT = iphoneos;
				SWIFT_ACTIVE_COMPILATION_CONDITIONS = DEBUG;
				SWIFT_OPTIMIZATION_LEVEL = "-Onone";
			};
			name = Debug;
		};
		E0FBFFFE22C12E1700291DB4 /* Release */ = {
			isa = XCBuildConfiguration;
			buildSettings = {
				ALWAYS_SEARCH_USER_PATHS = NO;
				CLANG_ANALYZER_NONNULL = YES;
				CLANG_ANALYZER_NUMBER_OBJECT_CONVERSION = YES_AGGRESSIVE;
				CLANG_CXX_LANGUAGE_STANDARD = "gnu++14";
				CLANG_CXX_LIBRARY = "libc++";
				CLANG_ENABLE_MODULES = YES;
				CLANG_ENABLE_OBJC_ARC = YES;
				CLANG_ENABLE_OBJC_WEAK = YES;
				CLANG_WARN_BLOCK_CAPTURE_AUTORELEASING = YES;
				CLANG_WARN_BOOL_CONVERSION = YES;
				CLANG_WARN_COMMA = YES;
				CLANG_WARN_CONSTANT_CONVERSION = YES;
				CLANG_WARN_DEPRECATED_OBJC_IMPLEMENTATIONS = YES;
				CLANG_WARN_DIRECT_OBJC_ISA_USAGE = YES_ERROR;
				CLANG_WARN_DOCUMENTATION_COMMENTS = YES;
				CLANG_WARN_EMPTY_BODY = YES;
				CLANG_WARN_ENUM_CONVERSION = YES;
				CLANG_WARN_INFINITE_RECURSION = YES;
				CLANG_WARN_INT_CONVERSION = YES;
				CLANG_WARN_NON_LITERAL_NULL_CONVERSION = YES;
				CLANG_WARN_OBJC_IMPLICIT_RETAIN_SELF = YES;
				CLANG_WARN_OBJC_LITERAL_CONVERSION = YES;
				CLANG_WARN_OBJC_ROOT_CLASS = YES_ERROR;
				CLANG_WARN_RANGE_LOOP_ANALYSIS = YES;
				CLANG_WARN_STRICT_PROTOTYPES = YES;
				CLANG_WARN_SUSPICIOUS_MOVE = YES;
				CLANG_WARN_UNGUARDED_AVAILABILITY = YES_AGGRESSIVE;
				CLANG_WARN_UNREACHABLE_CODE = YES;
				CLANG_WARN__DUPLICATE_METHOD_MATCH = YES;
				CODE_SIGN_IDENTITY = "iPhone Developer";
				COPY_PHASE_STRIP = NO;
				DEBUG_INFORMATION_FORMAT = "dwarf-with-dsym";
				ENABLE_NS_ASSERTIONS = NO;
				ENABLE_STRICT_OBJC_MSGSEND = YES;
				GCC_C_LANGUAGE_STANDARD = gnu11;
				GCC_NO_COMMON_BLOCKS = YES;
				GCC_WARN_64_TO_32_BIT_CONVERSION = YES;
				GCC_WARN_ABOUT_RETURN_TYPE = YES_ERROR;
				GCC_WARN_UNDECLARED_SELECTOR = YES;
				GCC_WARN_UNINITIALIZED_AUTOS = YES_AGGRESSIVE;
				GCC_WARN_UNUSED_FUNCTION = YES;
				GCC_WARN_UNUSED_VARIABLE = YES;
				IPHONEOS_DEPLOYMENT_TARGET = 12.2;
				MTL_ENABLE_DEBUG_INFO = NO;
				MTL_FAST_MATH = YES;
				SDKROOT = iphoneos;
				SWIFT_COMPILATION_MODE = wholemodule;
				SWIFT_OPTIMIZATION_LEVEL = "-O";
				VALIDATE_PRODUCT = YES;
			};
			name = Release;
		};
/* End XCBuildConfiguration section */

/* Begin XCConfigurationList section */
		E0FBFFE822C12E1600291DB4 /* Build configuration list for PBXProject "Landmark Book" */ = {
			isa = XCConfigurationList;
			buildConfigurations = (
				E0FBFFFD22C12E1700291DB4 /* Debug */,
				E0FBFFFE22C12E1700291DB4 /* Release */,
			);
			defaultConfigurationIsVisible = 0;
			defaultConfigurationName = Release;
		};
		E0FBFFFF22C12E1700291DB4 /* Build configuration list for PBXNativeTarget "Landmark Book" */ = {
			isa = XCConfigurationList;
			buildConfigurations = (
				E0FB000022C12E1700291DB4 /* Debug */,
				E0FB000122C12E1700291DB4 /* Release */,
			);
			defaultConfigurationIsVisible = 0;
			defaultConfigurationName = Release;
		};
/* End XCConfigurationList section */
	};
	rootObject = E0FBFFE522C12E1600291DB4 /* Project object */;
}
